// !$*UTF8*$!
{
	archiveVersion = 1;
	classes = {
	};
	objectVersion = 46;
	objects = {

/* Begin PBXBuildFile section */
		753144071E02C77200E11E27 /* PayWandModelProtocols.framework in Frameworks */ = {isa = PBXBuildFile; fileRef = 753143FD1E02C77200E11E27 /* PayWandModelProtocols.framework */; };
		7531440C1E02C77200E11E27 /* PayWandModelProtocolsTests.swift in Sources */ = {isa = PBXBuildFile; fileRef = 7531440B1E02C77200E11E27 /* PayWandModelProtocolsTests.swift */; };
		7531440E1E02C77200E11E27 /* PayWandModelProtocols.h in Headers */ = {isa = PBXBuildFile; fileRef = 753144001E02C77200E11E27 /* PayWandModelProtocols.h */; settings = {ATTRIBUTES = (Public, ); }; };
		753144181E02C7AD00E11E27 /* CoreDataProtocols.swift in Sources */ = {isa = PBXBuildFile; fileRef = 753144171E02C7AD00E11E27 /* CoreDataProtocols.swift */; };
		7531441A1E02C7F800E11E27 /* ServerDataProtocols.swift in Sources */ = {isa = PBXBuildFile; fileRef = 753144191E02C7F800E11E27 /* ServerDataProtocols.swift */; };
/* End PBXBuildFile section */

/* Begin PBXContainerItemProxy section */
		753144081E02C77200E11E27 /* PBXContainerItemProxy */ = {
			isa = PBXContainerItemProxy;
			containerPortal = 753143F41E02C77200E11E27 /* Project object */;
			proxyType = 1;
			remoteGlobalIDString = 753143FC1E02C77200E11E27;
			remoteInfo = PayWandModelProtocols;
		};
/* End PBXContainerItemProxy section */

/* Begin PBXFileReference section */
		753143FD1E02C77200E11E27 /* PayWandModelProtocols.framework */ = {isa = PBXFileReference; explicitFileType = wrapper.framework; includeInIndex = 0; path = PayWandModelProtocols.framework; sourceTree = BUILT_PRODUCTS_DIR; };
		753144001E02C77200E11E27 /* PayWandModelProtocols.h */ = {isa = PBXFileReference; lastKnownFileType = sourcecode.c.h; path = PayWandModelProtocols.h; sourceTree = "<group>"; };
		753144011E02C77200E11E27 /* Info.plist */ = {isa = PBXFileReference; lastKnownFileType = text.plist.xml; path = Info.plist; sourceTree = "<group>"; };
		753144061E02C77200E11E27 /* PayWandModelProtocolsTests.xctest */ = {isa = PBXFileReference; explicitFileType = wrapper.cfbundle; includeInIndex = 0; path = PayWandModelProtocolsTests.xctest; sourceTree = BUILT_PRODUCTS_DIR; };
		7531440B1E02C77200E11E27 /* PayWandModelProtocolsTests.swift */ = {isa = PBXFileReference; lastKnownFileType = sourcecode.swift; path = PayWandModelProtocolsTests.swift; sourceTree = "<group>"; };
		7531440D1E02C77200E11E27 /* Info.plist */ = {isa = PBXFileReference; lastKnownFileType = text.plist.xml; path = Info.plist; sourceTree = "<group>"; };
		753144171E02C7AD00E11E27 /* CoreDataProtocols.swift */ = {isa = PBXFileReference; fileEncoding = 4; lastKnownFileType = sourcecode.swift; path = CoreDataProtocols.swift; sourceTree = "<group>"; };
		753144191E02C7F800E11E27 /* ServerDataProtocols.swift */ = {isa = PBXFileReference; fileEncoding = 4; lastKnownFileType = sourcecode.swift; path = ServerDataProtocols.swift; sourceTree = "<group>"; };
/* End PBXFileReference section */

/* Begin PBXFrameworksBuildPhase section */
		753143F91E02C77200E11E27 /* Frameworks */ = {
			isa = PBXFrameworksBuildPhase;
			buildActionMask = 2147483647;
			files = (
			);
			runOnlyForDeploymentPostprocessing = 0;
		};
		753144031E02C77200E11E27 /* Frameworks */ = {
			isa = PBXFrameworksBuildPhase;
			buildActionMask = 2147483647;
			files = (
				753144071E02C77200E11E27 /* PayWandModelProtocols.framework in Frameworks */,
			);
			runOnlyForDeploymentPostprocessing = 0;
		};
/* End PBXFrameworksBuildPhase section */

/* Begin PBXGroup section */
		753143F31E02C77200E11E27 = {
			isa = PBXGroup;
			children = (
				753143FF1E02C77200E11E27 /* PayWandModelProtocols */,
				7531440A1E02C77200E11E27 /* PayWandModelProtocolsTests */,
				753143FE1E02C77200E11E27 /* Products */,
			);
			sourceTree = "<group>";
		};
		753143FE1E02C77200E11E27 /* Products */ = {
			isa = PBXGroup;
			children = (
				753143FD1E02C77200E11E27 /* PayWandModelProtocols.framework */,
				753144061E02C77200E11E27 /* PayWandModelProtocolsTests.xctest */,
			);
			name = Products;
			sourceTree = "<group>";
		};
		753143FF1E02C77200E11E27 /* PayWandModelProtocols */ = {
			isa = PBXGroup;
			children = (
				753144001E02C77200E11E27 /* PayWandModelProtocols.h */,
				753144011E02C77200E11E27 /* Info.plist */,
				753144171E02C7AD00E11E27 /* CoreDataProtocols.swift */,
				753144191E02C7F800E11E27 /* ServerDataProtocols.swift */,
			);
			path = PayWandModelProtocols;
			sourceTree = "<group>";
		};
		7531440A1E02C77200E11E27 /* PayWandModelProtocolsTests */ = {
			isa = PBXGroup;
			children = (
				7531440B1E02C77200E11E27 /* PayWandModelProtocolsTests.swift */,
				7531440D1E02C77200E11E27 /* Info.plist */,
			);
			path = PayWandModelProtocolsTests;
			sourceTree = "<group>";
		};
/* End PBXGroup section */

/* Begin PBXHeadersBuildPhase section */
		753143FA1E02C77200E11E27 /* Headers */ = {
			isa = PBXHeadersBuildPhase;
			buildActionMask = 2147483647;
			files = (
				7531440E1E02C77200E11E27 /* PayWandModelProtocols.h in Headers */,
			);
			runOnlyForDeploymentPostprocessing = 0;
		};
/* End PBXHeadersBuildPhase section */

/* Begin PBXNativeTarget section */
		753143FC1E02C77200E11E27 /* PayWandModelProtocols */ = {
			isa = PBXNativeTarget;
			buildConfigurationList = 753144111E02C77200E11E27 /* Build configuration list for PBXNativeTarget "PayWandModelProtocols" */;
			buildPhases = (
				753143F81E02C77200E11E27 /* Sources */,
				753143F91E02C77200E11E27 /* Frameworks */,
				753143FA1E02C77200E11E27 /* Headers */,
				753143FB1E02C77200E11E27 /* Resources */,
			);
			buildRules = (
			);
			dependencies = (
			);
			name = PayWandModelProtocols;
			productName = PayWandModelProtocols;
			productReference = 753143FD1E02C77200E11E27 /* PayWandModelProtocols.framework */;
			productType = "com.apple.product-type.framework";
		};
		753144051E02C77200E11E27 /* PayWandModelProtocolsTests */ = {
			isa = PBXNativeTarget;
			buildConfigurationList = 753144141E02C77200E11E27 /* Build configuration list for PBXNativeTarget "PayWandModelProtocolsTests" */;
			buildPhases = (
				753144021E02C77200E11E27 /* Sources */,
				753144031E02C77200E11E27 /* Frameworks */,
				753144041E02C77200E11E27 /* Resources */,
			);
			buildRules = (
			);
			dependencies = (
				753144091E02C77200E11E27 /* PBXTargetDependency */,
			);
			name = PayWandModelProtocolsTests;
			productName = PayWandModelProtocolsTests;
			productReference = 753144061E02C77200E11E27 /* PayWandModelProtocolsTests.xctest */;
			productType = "com.apple.product-type.bundle.unit-test";
		};
/* End PBXNativeTarget section */

/* Begin PBXProject section */
		753143F41E02C77200E11E27 /* Project object */ = {
			isa = PBXProject;
			attributes = {
				LastSwiftUpdateCheck = 0810;
				LastUpgradeCheck = 0810;
				ORGANIZATIONNAME = ParsPay;
				TargetAttributes = {
					753143FC1E02C77200E11E27 = {
						CreatedOnToolsVersion = 8.1;
						DevelopmentTeam = F53V3ZJV96;
						LastSwiftMigration = 0810;
						ProvisioningStyle = Automatic;
					};
					753144051E02C77200E11E27 = {
						CreatedOnToolsVersion = 8.1;
						DevelopmentTeam = F53V3ZJV96;
						ProvisioningStyle = Automatic;
					};
				};
			};
			buildConfigurationList = 753143F71E02C77200E11E27 /* Build configuration list for PBXProject "PayWandModelProtocols" */;
			compatibilityVersion = "Xcode 3.2";
			developmentRegion = English;
			hasScannedForEncodings = 0;
			knownRegions = (
				en,
			);
			mainGroup = 753143F31E02C77200E11E27;
			productRefGroup = 753143FE1E02C77200E11E27 /* Products */;
			projectDirPath = "";
			projectRoot = "";
			targets = (
				753143FC1E02C77200E11E27 /* PayWandModelProtocols */,
				753144051E02C77200E11E27 /* PayWandModelProtocolsTests */,
			);
		};
/* End PBXProject section */

/* Begin PBXResourcesBuildPhase section */
		753143FB1E02C77200E11E27 /* Resources */ = {
			isa = PBXResourcesBuildPhase;
			buildActionMask = 2147483647;
			files = (
			);
			runOnlyForDeploymentPostprocessing = 0;
		};
		753144041E02C77200E11E27 /* Resources */ = {
			isa = PBXResourcesBuildPhase;
			buildActionMask = 2147483647;
			files = (
			);
			runOnlyForDeploymentPostprocessing = 0;
		};
/* End PBXResourcesBuildPhase section */

/* Begin PBXSourcesBuildPhase section */
		753143F81E02C77200E11E27 /* Sources */ = {
			isa = PBXSourcesBuildPhase;
			buildActionMask = 2147483647;
			files = (
				7531441A1E02C7F800E11E27 /* ServerDataProtocols.swift in Sources */,
				753144181E02C7AD00E11E27 /* CoreDataProtocols.swift in Sources */,
			);
			runOnlyForDeploymentPostprocessing = 0;
		};
		753144021E02C77200E11E27 /* Sources */ = {
			isa = PBXSourcesBuildPhase;
			buildActionMask = 2147483647;
			files = (
				7531440C1E02C77200E11E27 /* PayWandModelProtocolsTests.swift in Sources */,
			);
			runOnlyForDeploymentPostprocessing = 0;
		};
/* End PBXSourcesBuildPhase section */

/* Begin PBXTargetDependency section */
		753144091E02C77200E11E27 /* PBXTargetDependency */ = {
			isa = PBXTargetDependency;
			target = 753143FC1E02C77200E11E27 /* PayWandModelProtocols */;
			targetProxy = 753144081E02C77200E11E27 /* PBXContainerItemProxy */;
		};
/* End PBXTargetDependency section */

/* Begin XCBuildConfiguration section */
		7531440F1E02C77200E11E27 /* Debug */ = {
			isa = XCBuildConfiguration;
			buildSettings = {
				ALWAYS_SEARCH_USER_PATHS = NO;
				CLANG_ANALYZER_NONNULL = YES;
				CLANG_CXX_LANGUAGE_STANDARD = "gnu++0x";
				CLANG_CXX_LIBRARY = "libc++";
				CLANG_ENABLE_MODULES = YES;
				CLANG_ENABLE_OBJC_ARC = YES;
				CLANG_WARN_BOOL_CONVERSION = YES;
				CLANG_WARN_CONSTANT_CONVERSION = YES;
				CLANG_WARN_DIRECT_OBJC_ISA_USAGE = YES_ERROR;
				CLANG_WARN_DOCUMENTATION_COMMENTS = YES;
				CLANG_WARN_EMPTY_BODY = YES;
				CLANG_WARN_ENUM_CONVERSION = YES;
				CLANG_WARN_INFINITE_RECURSION = YES;
				CLANG_WARN_INT_CONVERSION = YES;
				CLANG_WARN_OBJC_ROOT_CLASS = YES_ERROR;
				CLANG_WARN_SUSPICIOUS_MOVES = YES;
				CLANG_WARN_UNREACHABLE_CODE = YES;
				CLANG_WARN__DUPLICATE_METHOD_MATCH = YES;
				"CODE_SIGN_IDENTITY[sdk=iphoneos*]" = "iPhone Developer";
				COPY_PHASE_STRIP = NO;
				CURRENT_PROJECT_VERSION = 1;
				DEBUG_INFORMATION_FORMAT = dwarf;
				ENABLE_STRICT_OBJC_MSGSEND = YES;
				ENABLE_TESTABILITY = YES;
				GCC_C_LANGUAGE_STANDARD = gnu99;
				GCC_DYNAMIC_NO_PIC = NO;
				GCC_NO_COMMON_BLOCKS = YES;
				GCC_OPTIMIZATION_LEVEL = 0;
				GCC_PREPROCESSOR_DEFINITIONS = (
					"DEBUG=1",
					"$(inherited)",
				);
				GCC_WARN_64_TO_32_BIT_CONVERSION = YES;
				GCC_WARN_ABOUT_RETURN_TYPE = YES_ERROR;
				GCC_WARN_UNDECLARED_SELECTOR = YES;
				GCC_WARN_UNINITIALIZED_AUTOS = YES_AGGRESSIVE;
				GCC_WARN_UNUSED_FUNCTION = YES;
				GCC_WARN_UNUSED_VARIABLE = YES;
				IPHONEOS_DEPLOYMENT_TARGET = 10.1;
				MTL_ENABLE_DEBUG_INFO = YES;
				ONLY_ACTIVE_ARCH = YES;
				SDKROOT = iphoneos;
				SWIFT_ACTIVE_COMPILATION_CONDITIONS = DEBUG;
				SWIFT_OPTIMIZATION_LEVEL = "-Onone";
				TARGETED_DEVICE_FAMILY = "1,2";
				VERSIONING_SYSTEM = "apple-generic";
				VERSION_INFO_PREFIX = "";
			};
			name = Debug;
		};
		753144101E02C77200E11E27 /* Release */ = {
			isa = XCBuildConfiguration;
			buildSettings = {
				ALWAYS_SEARCH_USER_PATHS = NO;
				CLANG_ANALYZER_NONNULL = YES;
				CLANG_CXX_LANGUAGE_STANDARD = "gnu++0x";
				CLANG_CXX_LIBRARY = "libc++";
				CLANG_ENABLE_MODULES = YES;
				CLANG_ENABLE_OBJC_ARC = YES;
				CLANG_WARN_BOOL_CONVERSION = YES;
				CLANG_WARN_CONSTANT_CONVERSION = YES;
				CLANG_WARN_DIRECT_OBJC_ISA_USAGE = YES_ERROR;
				CLANG_WARN_DOCUMENTATION_COMMENTS = YES;
				CLANG_WARN_EMPTY_BODY = YES;
				CLANG_WARN_ENUM_CONVERSION = YES;
				CLANG_WARN_INFINITE_RECURSION = YES;
				CLANG_WARN_INT_CONVERSION = YES;
				CLANG_WARN_OBJC_ROOT_CLASS = YES_ERROR;
				CLANG_WARN_SUSPICIOUS_MOVES = YES;
				CLANG_WARN_UNREACHABLE_CODE = YES;
				CLANG_WARN__DUPLICATE_METHOD_MATCH = YES;
				"CODE_SIGN_IDENTITY[sdk=iphoneos*]" = "iPhone Developer";
				COPY_PHASE_STRIP = NO;
				CURRENT_PROJECT_VERSION = 1;
				DEBUG_INFORMATION_FORMAT = "dwarf-with-dsym";
				ENABLE_NS_ASSERTIONS = NO;
				ENABLE_STRICT_OBJC_MSGSEND = YES;
				GCC_C_LANGUAGE_STANDARD = gnu99;
				GCC_NO_COMMON_BLOCKS = YES;
				GCC_WARN_64_TO_32_BIT_CONVERSION = YES;
				GCC_WARN_ABOUT_RETURN_TYPE = YES_ERROR;
				GCC_WARN_UNDECLARED_SELECTOR = YES;
				GCC_WARN_UNINITIALIZED_AUTOS = YES_AGGRESSIVE;
				GCC_WARN_UNUSED_FUNCTION = YES;
				GCC_WARN_UNUSED_VARIABLE = YES;
				IPHONEOS_DEPLOYMENT_TARGET = 10.1;
				MTL_ENABLE_DEBUG_INFO = NO;
				SDKROOT = iphoneos;
				SWIFT_OPTIMIZATION_LEVEL = "-Owholemodule";
				TARGETED_DEVICE_FAMILY = "1,2";
				VALIDATE_PRODUCT = YES;
				VERSIONING_SYSTEM = "apple-generic";
				VERSION_INFO_PREFIX = "";
			};
			name = Release;
		};
		753144121E02C77200E11E27 /* Debug */ = {
			isa = XCBuildConfiguration;
			buildSettings = {
				CLANG_ENABLE_MODULES = YES;
				CODE_SIGN_IDENTITY = "";
				DEFINES_MODULE = YES;
				DEVELOPMENT_TEAM = F53V3ZJV96;
				DYLIB_COMPATIBILITY_VERSION = 1;
				DYLIB_CURRENT_VERSION = 1;
				DYLIB_INSTALL_NAME_BASE = "@rpath";
				INFOPLIST_FILE = PayWandModelProtocols/Info.plist;
				INSTALL_PATH = "$(LOCAL_LIBRARY_DIR)/Frameworks";
				LD_RUNPATH_SEARCH_PATHS = "$(inherited) @executable_path/Frameworks @loader_path/Frameworks";
				PRODUCT_BUNDLE_IDENTIFIER = ParsPay.PayWandModelProtocols;
				PRODUCT_NAME = "$(TARGET_NAME)";
				SKIP_INSTALL = YES;
				SWIFT_OPTIMIZATION_LEVEL = "-Onone";
				SWIFT_VERSION = 3.0;
			};
			name = Debug;
		};
		753144131E02C77200E11E27 /* Release */ = {
			isa = XCBuildConfiguration;
			buildSettings = {
				CLANG_ENABLE_MODULES = YES;
				CODE_SIGN_IDENTITY = "";
				DEFINES_MODULE = YES;
				DEVELOPMENT_TEAM = F53V3ZJV96;
				DYLIB_COMPATIBILITY_VERSION = 1;
				DYLIB_CURRENT_VERSION = 1;
				DYLIB_INSTALL_NAME_BASE = "@rpath";
				INFOPLIST_FILE = PayWandModelProtocols/Info.plist;
				INSTALL_PATH = "$(LOCAL_LIBRARY_DIR)/Frameworks";
				LD_RUNPATH_SEARCH_PATHS = "$(inherited) @executable_path/Frameworks @loader_path/Frameworks";
				PRODUCT_BUNDLE_IDENTIFIER = ParsPay.PayWandModelProtocols;
				PRODUCT_NAME = "$(TARGET_NAME)";
				SKIP_INSTALL = YES;
				SWIFT_VERSION = 3.0;
			};
			name = Release;
		};
		753144151E02C77200E11E27 /* Debug */ = {
			isa = XCBuildConfiguration;
			buildSettings = {
				ALWAYS_EMBED_SWIFT_STANDARD_LIBRARIES = YES;
				DEVELOPMENT_TEAM = F53V3ZJV96;
				INFOPLIST_FILE = PayWandModelProtocolsTests/Info.plist;
				LD_RUNPATH_SEARCH_PATHS = "$(inherited) @executable_path/Frameworks @loader_path/Frameworks";
				PRODUCT_BUNDLE_IDENTIFIER = ParsPay.PayWandModelProtocolsTests;
				PRODUCT_NAME = "$(TARGET_NAME)";
				SWIFT_VERSION = 3.0;
			};
			name = Debug;
		};
		753144161E02C77200E11E27 /* Release */ = {
			isa = XCBuildConfiguration;
			buildSettings = {
				ALWAYS_EMBED_SWIFT_STANDARD_LIBRARIES = YES;
				DEVELOPMENT_TEAM = F53V3ZJV96;
				INFOPLIST_FILE = PayWandModelProtocolsTests/Info.plist;
				LD_RUNPATH_SEARCH_PATHS = "$(inherited) @executable_path/Frameworks @loader_path/Frameworks";
				PRODUCT_BUNDLE_IDENTIFIER = ParsPay.PayWandModelProtocolsTests;
				PRODUCT_NAME = "$(TARGET_NAME)";
				SWIFT_VERSION = 3.0;
			};
			name = Release;
		};
/* End XCBuildConfiguration section */

/* Begin XCConfigurationList section */
		753143F71E02C77200E11E27 /* Build configuration list for PBXProject "PayWandModelProtocols" */ = {
			isa = XCConfigurationList;
			buildConfigurations = (
				7531440F1E02C77200E11E27 /* Debug */,
				753144101E02C77200E11E27 /* Release */,
			);
			defaultConfigurationIsVisible = 0;
			defaultConfigurationName = Release;
		};
		753144111E02C77200E11E27 /* Build configuration list for PBXNativeTarget "PayWandModelProtocols" */ = {
			isa = XCConfigurationList;
			buildConfigurations = (
				753144121E02C77200E11E27 /* Debug */,
				753144131E02C77200E11E27 /* Release */,
			);
			defaultConfigurationIsVisible = 0;
		};
		753144141E02C77200E11E27 /* Build configuration list for PBXNativeTarget "PayWandModelProtocolsTests" */ = {
			isa = XCConfigurationList;
			buildConfigurations = (
				753144151E02C77200E11E27 /* Debug */,
				753144161E02C77200E11E27 /* Release */,
			);
			defaultConfigurationIsVisible = 0;
		};
/* End XCConfigurationList section */
	};
	rootObject = 753143F41E02C77200E11E27 /* Project object */;
}
